
Microsoft Visual Studio Solution File, Format Version 12.00
# Visual Studio 15
VisualStudioVersion = 15.0.26124.0
MinimumVisualStudioVersion = 15.0.26124.0
Project("{F2A71F9B-5D33-465A-A702-920D77279786}") = "NinetyNine", "NinetyNine\NinetyNine.fsproj", "{269EB440-AED4-4DA6-91FA-D7F7CE87BE5A}"
EndProject
Project("{F2A71F9B-5D33-465A-A702-920D77279786}") = "NinetyNine.Tests", "NinetyNine.Tests\NinetyNine.Tests.fsproj", "{70FF2B17-E8C4-470E-8F5C-D66BE9AAA6E1}"
EndProject
Global
	GlobalSection(SolutionConfigurationPlatforms) = preSolution
		Debug|Any CPU = Debug|Any CPU
		Debug|x64 = Debug|x64
		Debug|x86 = Debug|x86
		Release|Any CPU = Release|Any CPU
		Release|x64 = Release|x64
		Release|x86 = Release|x86
	EndGlobalSection
	GlobalSection(SolutionProperties) = preSolution
		HideSolutionNode = FALSE
	EndGlobalSection
	GlobalSection(ProjectConfigurationPlatforms) = postSolution
		{269EB440-AED4-4DA6-91FA-D7F7CE87BE5A}.Debug|Any CPU.ActiveCfg = Debug|Any CPU
		{269EB440-AED4-4DA6-91FA-D7F7CE87BE5A}.Debug|Any CPU.Build.0 = Debug|Any CPU
		{269EB440-AED4-4DA6-91FA-D7F7CE87BE5A}.Debug|x64.ActiveCfg = Debug|Any CPU
		{269EB440-AED4-4DA6-91FA-D7F7CE87BE5A}.Debug|x64.Build.0 = Debug|Any CPU
		{269EB440-AED4-4DA6-91FA-D7F7CE87BE5A}.Debug|x86.ActiveCfg = Debug|Any CPU
		{269EB440-AED4-4DA6-91FA-D7F7CE87BE5A}.Debug|x86.Build.0 = Debug|Any CPU
		{269EB440-AED4-4DA6-91FA-D7F7CE87BE5A}.Release|Any CPU.ActiveCfg = Release|Any CPU
		{269EB440-AED4-4DA6-91FA-D7F7CE87BE5A}.Release|Any CPU.Build.0 = Release|Any CPU
		{269EB440-AED4-4DA6-91FA-D7F7CE87BE5A}.Release|x64.ActiveCfg = Release|Any CPU
		{269EB440-AED4-4DA6-91FA-D7F7CE87BE5A}.Release|x64.Build.0 = Release|Any CPU
		{269EB440-AED4-4DA6-91FA-D7F7CE87BE5A}.Release|x86.ActiveCfg = Release|Any CPU
		{269EB440-AED4-4DA6-91FA-D7F7CE87BE5A}.Release|x86.Build.0 = Release|Any CPU
		{70FF2B17-E8C4-470E-8F5C-D66BE9AAA6E1}.Debug|Any CPU.ActiveCfg = Debug|Any CPU
		{70FF2B17-E8C4-470E-8F5C-D66BE9AAA6E1}.Debug|Any CPU.Build.0 = Debug|Any CPU
		{70FF2B17-E8C4-470E-8F5C-D66BE9AAA6E1}.Debug|x64.ActiveCfg = Debug|Any CPU
		{70FF2B17-E8C4-470E-8F5C-D66BE9AAA6E1}.Debug|x64.Build.0 = Debug|Any CPU
		{70FF2B17-E8C4-470E-8F5C-D66BE9AAA6E1}.Debug|x86.ActiveCfg = Debug|Any CPU
		{70FF2B17-E8C4-470E-8F5C-D66BE9AAA6E1}.Debug|x86.Build.0 = Debug|Any CPU
		{70FF2B17-E8C4-470E-8F5C-D66BE9AAA6E1}.Release|Any CPU.ActiveCfg = Release|Any CPU
		{70FF2B17-E8C4-470E-8F5C-D66BE9AAA6E1}.Release|Any CPU.Build.0 = Release|Any CPU
		{70FF2B17-E8C4-470E-8F5C-D66BE9AAA6E1}.Release|x64.ActiveCfg = Release|Any CPU
		{70FF2B17-E8C4-470E-8F5C-D66BE9AAA6E1}.Release|x64.Build.0 = Release|Any CPU
		{70FF2B17-E8C4-470E-8F5C-D66BE9AAA6E1}.Release|x86.ActiveCfg = Release|Any CPU
		{70FF2B17-E8C4-470E-8F5C-D66BE9AAA6E1}.Release|x86.Build.0 = Release|Any CPU
	EndGlobalSection
EndGlobal
